
Microsoft Visual Studio Solution File, Format Version 12.00
# Visual Studio Version 17
VisualStudioVersion = 17.0.31903.59
MinimumVisualStudioVersion = 10.0.40219.1
Project("{FAE04EC0-301F-11D3-BF4B-00C04F79EFBC}") = "lab2", "lab2\lab2.csproj", "{B4116C62-886A-4578-A5B8-46B2312D291C}"
EndProject
Global
	GlobalSection(SolutionConfigurationPlatforms) = preSolution
		Debug|Any CPU = Debug|Any CPU
		Release|Any CPU = Release|Any CPU
	EndGlobalSection
	GlobalSection(ProjectConfigurationPlatforms) = postSolution
		{B4116C62-886A-4578-A5B8-46B2312D291C}.Debug|Any CPU.ActiveCfg = Debug|Any CPU
		{B4116C62-886A-4578-A5B8-46B2312D291C}.Debug|Any CPU.Build.0 = Debug|Any CPU
		{B4116C62-886A-4578-A5B8-46B2312D291C}.Release|Any CPU.ActiveCfg = Release|Any CPU
		{B4116C62-886A-4578-A5B8-46B2312D291C}.Release|Any CPU.Build.0 = Release|Any CPU
	EndGlobalSection
	GlobalSection(SolutionProperties) = preSolution
		HideSolutionNode = FALSE
	EndGlobalSection
	GlobalSection(ExtensibilityGlobals) = postSolution
		SolutionGuid = {7769B7AF-6384-440D-A8EC-17256D03A1D1}
	EndGlobalSection
EndGlobal
